// !$*UTF8*$!
{
	archiveVersion = 1;
	classes = {
	};
	objectVersion = 56;
	objects = {

/* Begin PBXBuildFile section */
		11971F252C235A1A00C00BEB /* AppDelegate.swift in Sources */ = {isa = PBXBuildFile; fileRef = 11971F242C235A1A00C00BEB /* AppDelegate.swift */; };
		11971F272C235A1A00C00BEB /* SceneDelegate.swift in Sources */ = {isa = PBXBuildFile; fileRef = 11971F262C235A1A00C00BEB /* SceneDelegate.swift */; };
		11971F292C235A1A00C00BEB /* CalculateController.swift in Sources */ = {isa = PBXBuildFile; fileRef = 11971F282C235A1A00C00BEB /* CalculateController.swift */; };
		11971F2C2C235A1A00C00BEB /* Base in Resources */ = {isa = PBXBuildFile; fileRef = 11971F2B2C235A1A00C00BEB /* Base */; };
		11971F2E2C235A1D00C00BEB /* Assets.xcassets in Resources */ = {isa = PBXBuildFile; fileRef = 11971F2D2C235A1D00C00BEB /* Assets.xcassets */; };
		11971F312C235A1D00C00BEB /* Base in Resources */ = {isa = PBXBuildFile; fileRef = 11971F302C235A1D00C00BEB /* Base */; };
		11971F3D2C24364C00C00BEB /* BaseController.swift in Sources */ = {isa = PBXBuildFile; fileRef = 11971F3C2C24364C00C00BEB /* BaseController.swift */; };
		11971F412C243D3000C00BEB /* UIColor + ext.swift in Sources */ = {isa = PBXBuildFile; fileRef = 11971F402C243D3000C00BEB /* UIColor + ext.swift */; };
		11971F442C243D6900C00BEB /* Resources.swift in Sources */ = {isa = PBXBuildFile; fileRef = 11971F432C243D6900C00BEB /* Resources.swift */; };
		11971F482C24400E00C00BEB /* SecondaryView.swift in Sources */ = {isa = PBXBuildFile; fileRef = 11971F472C24400E00C00BEB /* SecondaryView.swift */; };
		11D490082C247871000FF836 /* RecalculateController.swift in Sources */ = {isa = PBXBuildFile; fileRef = 11D490072C247871000FF836 /* RecalculateController.swift */; };
		11D4900A2C2478FB000FF836 /* UILabel + ext.swift in Sources */ = {isa = PBXBuildFile; fileRef = 11D490092C2478FB000FF836 /* UILabel + ext.swift */; };
/* End PBXBuildFile section */

/* Begin PBXFileReference section */
		11971F212C235A1A00C00BEB /* Tipsy.app */ = {isa = PBXFileReference; explicitFileType = wrapper.application; includeInIndex = 0; path = Tipsy.app; sourceTree = BUILT_PRODUCTS_DIR; };
		11971F242C235A1A00C00BEB /* AppDelegate.swift */ = {isa = PBXFileReference; lastKnownFileType = sourcecode.swift; path = AppDelegate.swift; sourceTree = "<group>"; };
		11971F262C235A1A00C00BEB /* SceneDelegate.swift */ = {isa = PBXFileReference; lastKnownFileType = sourcecode.swift; path = SceneDelegate.swift; sourceTree = "<group>"; };
		11971F282C235A1A00C00BEB /* CalculateController.swift */ = {isa = PBXFileReference; lastKnownFileType = sourcecode.swift; path = CalculateController.swift; sourceTree = "<group>"; };
		11971F2B2C235A1A00C00BEB /* Base */ = {isa = PBXFileReference; lastKnownFileType = file.storyboard; name = Base; path = Base.lproj/Main.storyboard; sourceTree = "<group>"; };
		11971F2D2C235A1D00C00BEB /* Assets.xcassets */ = {isa = PBXFileReference; lastKnownFileType = folder.assetcatalog; path = Assets.xcassets; sourceTree = "<group>"; };
		11971F302C235A1D00C00BEB /* Base */ = {isa = PBXFileReference; lastKnownFileType = file.storyboard; name = Base; path = Base.lproj/LaunchScreen.storyboard; sourceTree = "<group>"; };
		11971F322C235A1D00C00BEB /* Info.plist */ = {isa = PBXFileReference; lastKnownFileType = text.plist.xml; path = Info.plist; sourceTree = "<group>"; };
		11971F3C2C24364C00C00BEB /* BaseController.swift */ = {isa = PBXFileReference; lastKnownFileType = sourcecode.swift; path = BaseController.swift; sourceTree = "<group>"; };
		11971F402C243D3000C00BEB /* UIColor + ext.swift */ = {isa = PBXFileReference; lastKnownFileType = sourcecode.swift; path = "UIColor + ext.swift"; sourceTree = "<group>"; };
		11971F432C243D6900C00BEB /* Resources.swift */ = {isa = PBXFileReference; lastKnownFileType = sourcecode.swift; path = Resources.swift; sourceTree = "<group>"; };
		11971F472C24400E00C00BEB /* SecondaryView.swift */ = {isa = PBXFileReference; lastKnownFileType = sourcecode.swift; path = SecondaryView.swift; sourceTree = "<group>"; };
		11D490072C247871000FF836 /* RecalculateController.swift */ = {isa = PBXFileReference; lastKnownFileType = sourcecode.swift; path = RecalculateController.swift; sourceTree = "<group>"; };
		11D490092C2478FB000FF836 /* UILabel + ext.swift */ = {isa = PBXFileReference; lastKnownFileType = sourcecode.swift; path = "UILabel + ext.swift"; sourceTree = "<group>"; };
/* End PBXFileReference section */

/* Begin PBXFrameworksBuildPhase section */
		11971F1E2C235A1A00C00BEB /* Frameworks */ = {
			isa = PBXFrameworksBuildPhase;
			buildActionMask = 2147483647;
			files = (
			);
			runOnlyForDeploymentPostprocessing = 0;
		};
/* End PBXFrameworksBuildPhase section */

/* Begin PBXGroup section */
		11971F182C235A1A00C00BEB = {
			isa = PBXGroup;
			children = (
				11971F232C235A1A00C00BEB /* Tipsy */,
				11971F222C235A1A00C00BEB /* Products */,
			);
			sourceTree = "<group>";
		};
		11971F222C235A1A00C00BEB /* Products */ = {
			isa = PBXGroup;
			children = (
				11971F212C235A1A00C00BEB /* Tipsy.app */,
			);
			name = Products;
			sourceTree = "<group>";
		};
		11971F232C235A1A00C00BEB /* Tipsy */ = {
			isa = PBXGroup;
			children = (
				11971F3F2C243D1000C00BEB /* Helpers */,
				11971F3E2C243CDF00C00BEB /* Base */,
				11971F392C235BE700C00BEB /* Application */,
				11971F3A2C235C5D00C00BEB /* Controllers */,
				11971F3B2C235C7200C00BEB /* SupportingFiles */,
			);
			path = Tipsy;
			sourceTree = "<group>";
		};
		11971F392C235BE700C00BEB /* Application */ = {
			isa = PBXGroup;
			children = (
				11971F242C235A1A00C00BEB /* AppDelegate.swift */,
				11971F262C235A1A00C00BEB /* SceneDelegate.swift */,
			);
			path = Application;
			sourceTree = "<group>";
		};
		11971F3A2C235C5D00C00BEB /* Controllers */ = {
			isa = PBXGroup;
			children = (
				11D490062C24785C000FF836 /* Recalculate */,
				11971F452C243E0200C00BEB /* Calculate */,
			);
			path = Controllers;
			sourceTree = "<group>";
		};
		11971F3B2C235C7200C00BEB /* SupportingFiles */ = {
			isa = PBXGroup;
			children = (
				11971F2A2C235A1A00C00BEB /* Main.storyboard */,
				11971F2D2C235A1D00C00BEB /* Assets.xcassets */,
				11971F2F2C235A1D00C00BEB /* LaunchScreen.storyboard */,
				11971F322C235A1D00C00BEB /* Info.plist */,
			);
			path = SupportingFiles;
			sourceTree = "<group>";
		};
		11971F3E2C243CDF00C00BEB /* Base */ = {
			isa = PBXGroup;
			children = (
				11971F3C2C24364C00C00BEB /* BaseController.swift */,
			);
			path = Base;
			sourceTree = "<group>";
		};
		11971F3F2C243D1000C00BEB /* Helpers */ = {
			isa = PBXGroup;
			children = (
				11971F422C243D5000C00BEB /* Extensions */,
				11971F432C243D6900C00BEB /* Resources.swift */,
			);
			path = Helpers;
			sourceTree = "<group>";
		};
		11971F422C243D5000C00BEB /* Extensions */ = {
			isa = PBXGroup;
			children = (
				11971F402C243D3000C00BEB /* UIColor + ext.swift */,
				11D490092C2478FB000FF836 /* UILabel + ext.swift */,
			);
			path = Extensions;
			sourceTree = "<group>";
		};
		11971F452C243E0200C00BEB /* Calculate */ = {
			isa = PBXGroup;
			children = (
				11971F462C243FF900C00BEB /* Views */,
				11971F282C235A1A00C00BEB /* CalculateController.swift */,
			);
			path = Calculate;
			sourceTree = "<group>";
		};
		11971F462C243FF900C00BEB /* Views */ = {
			isa = PBXGroup;
			children = (
				11971F472C24400E00C00BEB /* SecondaryView.swift */,
			);
			path = Views;
			sourceTree = "<group>";
		};
		11D490062C24785C000FF836 /* Recalculate */ = {
			isa = PBXGroup;
			children = (
				11D490072C247871000FF836 /* RecalculateController.swift */,
			);
			path = Recalculate;
			sourceTree = "<group>";
		};
/* End PBXGroup section */

/* Begin PBXNativeTarget section */
		11971F202C235A1A00C00BEB /* Tipsy */ = {
			isa = PBXNativeTarget;
			buildConfigurationList = 11971F352C235A1D00C00BEB /* Build configuration list for PBXNativeTarget "Tipsy" */;
			buildPhases = (
				11971F1D2C235A1A00C00BEB /* Sources */,
				11971F1E2C235A1A00C00BEB /* Frameworks */,
				11971F1F2C235A1A00C00BEB /* Resources */,
			);
			buildRules = (
			);
			dependencies = (
			);
			name = Tipsy;
			productName = Tipsy;
			productReference = 11971F212C235A1A00C00BEB /* Tipsy.app */;
			productType = "com.apple.product-type.application";
		};
/* End PBXNativeTarget section */

/* Begin PBXProject section */
		11971F192C235A1A00C00BEB /* Project object */ = {
			isa = PBXProject;
			attributes = {
				BuildIndependentTargetsInParallel = 1;
				LastSwiftUpdateCheck = 1540;
				LastUpgradeCheck = 1540;
				TargetAttributes = {
					11971F202C235A1A00C00BEB = {
						CreatedOnToolsVersion = 15.4;
					};
				};
			};
			buildConfigurationList = 11971F1C2C235A1A00C00BEB /* Build configuration list for PBXProject "Tipsy" */;
			compatibilityVersion = "Xcode 14.0";
			developmentRegion = en;
			hasScannedForEncodings = 0;
			knownRegions = (
				en,
				Base,
			);
			mainGroup = 11971F182C235A1A00C00BEB;
			productRefGroup = 11971F222C235A1A00C00BEB /* Products */;
			projectDirPath = "";
			projectRoot = "";
			targets = (
				11971F202C235A1A00C00BEB /* Tipsy */,
			);
		};
/* End PBXProject section */

/* Begin PBXResourcesBuildPhase section */
		11971F1F2C235A1A00C00BEB /* Resources */ = {
			isa = PBXResourcesBuildPhase;
			buildActionMask = 2147483647;
			files = (
				11971F2E2C235A1D00C00BEB /* Assets.xcassets in Resources */,
				11971F312C235A1D00C00BEB /* Base in Resources */,
				11971F2C2C235A1A00C00BEB /* Base in Resources */,
			);
			runOnlyForDeploymentPostprocessing = 0;
		};
/* End PBXResourcesBuildPhase section */

/* Begin PBXSourcesBuildPhase section */
		11971F1D2C235A1A00C00BEB /* Sources */ = {
			isa = PBXSourcesBuildPhase;
			buildActionMask = 2147483647;
			files = (
				11971F292C235A1A00C00BEB /* CalculateController.swift in Sources */,
				11971F252C235A1A00C00BEB /* AppDelegate.swift in Sources */,
				11D4900A2C2478FB000FF836 /* UILabel + ext.swift in Sources */,
				11971F3D2C24364C00C00BEB /* BaseController.swift in Sources */,
				11971F442C243D6900C00BEB /* Resources.swift in Sources */,
				11971F482C24400E00C00BEB /* SecondaryView.swift in Sources */,
				11971F412C243D3000C00BEB /* UIColor + ext.swift in Sources */,
				11971F272C235A1A00C00BEB /* SceneDelegate.swift in Sources */,
				11D490082C247871000FF836 /* RecalculateController.swift in Sources */,
			);
			runOnlyForDeploymentPostprocessing = 0;
		};
/* End PBXSourcesBuildPhase section */

/* Begin PBXVariantGroup section */
		11971F2A2C235A1A00C00BEB /* Main.storyboard */ = {
			isa = PBXVariantGroup;
			children = (
				11971F2B2C235A1A00C00BEB /* Base */,
			);
			name = Main.storyboard;
			sourceTree = "<group>";
		};
		11971F2F2C235A1D00C00BEB /* LaunchScreen.storyboard */ = {
			isa = PBXVariantGroup;
			children = (
				11971F302C235A1D00C00BEB /* Base */,
			);
			name = LaunchScreen.storyboard;
			sourceTree = "<group>";
		};
/* End PBXVariantGroup section */

/* Begin XCBuildConfiguration section */
		11971F332C235A1D00C00BEB /* Debug */ = {
			isa = XCBuildConfiguration;
			buildSettings = {
				ALWAYS_SEARCH_USER_PATHS = NO;
				ASSETCATALOG_COMPILER_GENERATE_SWIFT_ASSET_SYMBOL_EXTENSIONS = YES;
				CLANG_ANALYZER_NONNULL = YES;
				CLANG_ANALYZER_NUMBER_OBJECT_CONVERSION = YES_AGGRESSIVE;
				CLANG_CXX_LANGUAGE_STANDARD = "gnu++20";
				CLANG_ENABLE_MODULES = YES;
				CLANG_ENABLE_OBJC_ARC = YES;
				CLANG_ENABLE_OBJC_WEAK = YES;
				CLANG_WARN_BLOCK_CAPTURE_AUTORELEASING = YES;
				CLANG_WARN_BOOL_CONVERSION = YES;
				CLANG_WARN_COMMA = YES;
				CLANG_WARN_CONSTANT_CONVERSION = YES;
				CLANG_WARN_DEPRECATED_OBJC_IMPLEMENTATIONS = YES;
				CLANG_WARN_DIRECT_OBJC_ISA_USAGE = YES_ERROR;
				CLANG_WARN_DOCUMENTATION_COMMENTS = YES;
				CLANG_WARN_EMPTY_BODY = YES;
				CLANG_WARN_ENUM_CONVERSION = YES;
				CLANG_WARN_INFINITE_RECURSION = YES;
				CLANG_WARN_INT_CONVERSION = YES;
				CLANG_WARN_NON_LITERAL_NULL_CONVERSION = YES;
				CLANG_WARN_OBJC_IMPLICIT_RETAIN_SELF = YES;
				CLANG_WARN_OBJC_LITERAL_CONVERSION = YES;
				CLANG_WARN_OBJC_ROOT_CLASS = YES_ERROR;
				CLANG_WARN_QUOTED_INCLUDE_IN_FRAMEWORK_HEADER = YES;
				CLANG_WARN_RANGE_LOOP_ANALYSIS = YES;
				CLANG_WARN_STRICT_PROTOTYPES = YES;
				CLANG_WARN_SUSPICIOUS_MOVE = YES;
				CLANG_WARN_UNGUARDED_AVAILABILITY = YES_AGGRESSIVE;
				CLANG_WARN_UNREACHABLE_CODE = YES;
				CLANG_WARN__DUPLICATE_METHOD_MATCH = YES;
				COPY_PHASE_STRIP = NO;
				DEBUG_INFORMATION_FORMAT = dwarf;
				ENABLE_STRICT_OBJC_MSGSEND = YES;
				ENABLE_TESTABILITY = YES;
				ENABLE_USER_SCRIPT_SANDBOXING = YES;
				GCC_C_LANGUAGE_STANDARD = gnu17;
				GCC_DYNAMIC_NO_PIC = NO;
				GCC_NO_COMMON_BLOCKS = YES;
				GCC_OPTIMIZATION_LEVEL = 0;
				GCC_PREPROCESSOR_DEFINITIONS = (
					"DEBUG=1",
					"$(inherited)",
				);
				GCC_WARN_64_TO_32_BIT_CONVERSION = YES;
				GCC_WARN_ABOUT_RETURN_TYPE = YES_ERROR;
				GCC_WARN_UNDECLARED_SELECTOR = YES;
				GCC_WARN_UNINITIALIZED_AUTOS = YES_AGGRESSIVE;
				GCC_WARN_UNUSED_FUNCTION = YES;
				GCC_WARN_UNUSED_VARIABLE = YES;
				IPHONEOS_DEPLOYMENT_TARGET = 17.5;
				LOCALIZATION_PREFERS_STRING_CATALOGS = YES;
				MTL_ENABLE_DEBUG_INFO = INCLUDE_SOURCE;
				MTL_FAST_MATH = YES;
				ONLY_ACTIVE_ARCH = YES;
				SDKROOT = iphoneos;
				SWIFT_ACTIVE_COMPILATION_CONDITIONS = "DEBUG $(inherited)";
				SWIFT_OPTIMIZATION_LEVEL = "-Onone";
			};
			name = Debug;
		};
		11971F342C235A1D00C00BEB /* Release */ = {
			isa = XCBuildConfiguration;
			buildSettings = {
				ALWAYS_SEARCH_USER_PATHS = NO;
				ASSETCATALOG_COMPILER_GENERATE_SWIFT_ASSET_SYMBOL_EXTENSIONS = YES;
				CLANG_ANALYZER_NONNULL = YES;
				CLANG_ANALYZER_NUMBER_OBJECT_CONVERSION = YES_AGGRESSIVE;
				CLANG_CXX_LANGUAGE_STANDARD = "gnu++20";
				CLANG_ENABLE_MODULES = YES;
				CLANG_ENABLE_OBJC_ARC = YES;
				CLANG_ENABLE_OBJC_WEAK = YES;
				CLANG_WARN_BLOCK_CAPTURE_AUTORELEASING = YES;
				CLANG_WARN_BOOL_CONVERSION = YES;
				CLANG_WARN_COMMA = YES;
				CLANG_WARN_CONSTANT_CONVERSION = YES;
				CLANG_WARN_DEPRECATED_OBJC_IMPLEMENTATIONS = YES;
				CLANG_WARN_DIRECT_OBJC_ISA_USAGE = YES_ERROR;
				CLANG_WARN_DOCUMENTATION_COMMENTS = YES;
				CLANG_WARN_EMPTY_BODY = YES;
				CLANG_WARN_ENUM_CONVERSION = YES;
				CLANG_WARN_INFINITE_RECURSION = YES;
				CLANG_WARN_INT_CONVERSION = YES;
				CLANG_WARN_NON_LITERAL_NULL_CONVERSION = YES;
				CLANG_WARN_OBJC_IMPLICIT_RETAIN_SELF = YES;
				CLANG_WARN_OBJC_LITERAL_CONVERSION = YES;
				CLANG_WARN_OBJC_ROOT_CLASS = YES_ERROR;
				CLANG_WARN_QUOTED_INCLUDE_IN_FRAMEWORK_HEADER = YES;
				CLANG_WARN_RANGE_LOOP_ANALYSIS = YES;
				CLANG_WARN_STRICT_PROTOTYPES = YES;
				CLANG_WARN_SUSPICIOUS_MOVE = YES;
				CLANG_WARN_UNGUARDED_AVAILABILITY = YES_AGGRESSIVE;
				CLANG_WARN_UNREACHABLE_CODE = YES;
				CLANG_WARN__DUPLICATE_METHOD_MATCH = YES;
				COPY_PHASE_STRIP = NO;
				DEBUG_INFORMATION_FORMAT = "dwarf-with-dsym";
				ENABLE_NS_ASSERTIONS = NO;
				ENABLE_STRICT_OBJC_MSGSEND = YES;
				ENABLE_USER_SCRIPT_SANDBOXING = YES;
				GCC_C_LANGUAGE_STANDARD = gnu17;
				GCC_NO_COMMON_BLOCKS = YES;
				GCC_WARN_64_TO_32_BIT_CONVERSION = YES;
				GCC_WARN_ABOUT_RETURN_TYPE = YES_ERROR;
				GCC_WARN_UNDECLARED_SELECTOR = YES;
				GCC_WARN_UNINITIALIZED_AUTOS = YES_AGGRESSIVE;
				GCC_WARN_UNUSED_FUNCTION = YES;
				GCC_WARN_UNUSED_VARIABLE = YES;
				IPHONEOS_DEPLOYMENT_TARGET = 17.5;
				LOCALIZATION_PREFERS_STRING_CATALOGS = YES;
				MTL_ENABLE_DEBUG_INFO = NO;
				MTL_FAST_MATH = YES;
				SDKROOT = iphoneos;
				SWIFT_COMPILATION_MODE = wholemodule;
				VALIDATE_PRODUCT = YES;
			};
			name = Release;
		};
		11971F362C235A1D00C00BEB /* Debug */ = {
			isa = XCBuildConfiguration;
			buildSettings = {
				ASSETCATALOG_COMPILER_APPICON_NAME = AppIcon;
				ASSETCATALOG_COMPILER_GLOBAL_ACCENT_COLOR_NAME = AccentColor;
				CODE_SIGN_STYLE = Automatic;
				CURRENT_PROJECT_VERSION = 1;
				DEVELOPMENT_TEAM = H8F384QP7D;
				GENERATE_INFOPLIST_FILE = YES;
				INFOPLIST_FILE = Tipsy/SupportingFiles/Info.plist;
				INFOPLIST_KEY_UIApplicationSupportsIndirectInputEvents = YES;
				INFOPLIST_KEY_UILaunchStoryboardName = LaunchScreen;
				INFOPLIST_KEY_UIMainStoryboardFile = Main;
				INFOPLIST_KEY_UISupportedInterfaceOrientations_iPad = "UIInterfaceOrientationPortrait UIInterfaceOrientationPortraitUpsideDown UIInterfaceOrientationLandscapeLeft UIInterfaceOrientationLandscapeRight";
				INFOPLIST_KEY_UISupportedInterfaceOrientations_iPhone = "UIInterfaceOrientationPortrait UIInterfaceOrientationLandscapeLeft UIInterfaceOrientationLandscapeRight";
				LD_RUNPATH_SEARCH_PATHS = (
					"$(inherited)",
					"@executable_path/Frameworks",
				);
				MARKETING_VERSION = 1.0;
				PRODUCT_BUNDLE_IDENTIFIER = com.example.Tipsy;
				PRODUCT_NAME = "$(TARGET_NAME)";
				SWIFT_EMIT_LOC_STRINGS = YES;
				SWIFT_VERSION = 5.0;
				TARGETED_DEVICE_FAMILY = "1,2";
			};
			name = Debug;
		};
		11971F372C235A1D00C00BEB /* Release */ = {
			isa = XCBuildConfiguration;
			buildSettings = {
				ASSETCATALOG_COMPILER_APPICON_NAME = AppIcon;
				ASSETCATALOG_COMPILER_GLOBAL_ACCENT_COLOR_NAME = AccentColor;
				CODE_SIGN_STYLE = Automatic;
				CURRENT_PROJECT_VERSION = 1;
				DEVELOPMENT_TEAM = H8F384QP7D;
				GENERATE_INFOPLIST_FILE = YES;
				INFOPLIST_FILE = Tipsy/SupportingFiles/Info.plist;
				INFOPLIST_KEY_UIApplicationSupportsIndirectInputEvents = YES;
				INFOPLIST_KEY_UILaunchStoryboardName = LaunchScreen;
				INFOPLIST_KEY_UIMainStoryboardFile = Main;
				INFOPLIST_KEY_UISupportedInterfaceOrientations_iPad = "UIInterfaceOrientationPortrait UIInterfaceOrientationPortraitUpsideDown UIInterfaceOrientationLandscapeLeft UIInterfaceOrientationLandscapeRight";
				INFOPLIST_KEY_UISupportedInterfaceOrientations_iPhone = "UIInterfaceOrientationPortrait UIInterfaceOrientationLandscapeLeft UIInterfaceOrientationLandscapeRight";
				LD_RUNPATH_SEARCH_PATHS = (
					"$(inherited)",
					"@executable_path/Frameworks",
				);
				MARKETING_VERSION = 1.0;
				PRODUCT_BUNDLE_IDENTIFIER = com.example.Tipsy;
				PRODUCT_NAME = "$(TARGET_NAME)";
				SWIFT_EMIT_LOC_STRINGS = YES;
				SWIFT_VERSION = 5.0;
				TARGETED_DEVICE_FAMILY = "1,2";
			};
			name = Release;
		};
/* End XCBuildConfiguration section */

/* Begin XCConfigurationList section */
		11971F1C2C235A1A00C00BEB /* Build configuration list for PBXProject "Tipsy" */ = {
			isa = XCConfigurationList;
			buildConfigurations = (
				11971F332C235A1D00C00BEB /* Debug */,
				11971F342C235A1D00C00BEB /* Release */,
			);
			defaultConfigurationIsVisible = 0;
			defaultConfigurationName = Release;
		};
		11971F352C235A1D00C00BEB /* Build configuration list for PBXNativeTarget "Tipsy" */ = {
			isa = XCConfigurationList;
			buildConfigurations = (
				11971F362C235A1D00C00BEB /* Debug */,
				11971F372C235A1D00C00BEB /* Release */,
			);
			defaultConfigurationIsVisible = 0;
			defaultConfigurationName = Release;
		};
/* End XCConfigurationList section */
	};
	rootObject = 11971F192C235A1A00C00BEB /* Project object */;
}
